
Microsoft Visual Studio Solution File, Format Version 12.00
# Visual Studio 15
VisualStudioVersion = 15.0.26730.16
MinimumVisualStudioVersion = 10.0.40219.1
Project("{FAE04EC0-301F-11D3-BF4B-00C04F79EFBC}") = "lab_3", "lab_3\lab_3.csproj", "{53693709-CFFB-4DF3-9698-997314B8EEF5}"
EndProject
Global
	GlobalSection(SolutionConfigurationPlatforms) = preSolution
		Debug|Any CPU = Debug|Any CPU
		Release|Any CPU = Release|Any CPU
	EndGlobalSection
	GlobalSection(ProjectConfigurationPlatforms) = postSolution
		{53693709-CFFB-4DF3-9698-997314B8EEF5}.Debug|Any CPU.ActiveCfg = Debug|Any CPU
		{53693709-CFFB-4DF3-9698-997314B8EEF5}.Debug|Any CPU.Build.0 = Debug|Any CPU
		{53693709-CFFB-4DF3-9698-997314B8EEF5}.Release|Any CPU.ActiveCfg = Release|Any CPU
		{53693709-CFFB-4DF3-9698-997314B8EEF5}.Release|Any CPU.Build.0 = Release|Any CPU
	EndGlobalSection
	GlobalSection(SolutionProperties) = preSolution
		HideSolutionNode = FALSE
	EndGlobalSection
	GlobalSection(ExtensibilityGlobals) = postSolution
		SolutionGuid = {28E28985-CE7E-429E-90B5-CC42AFFA3D6D}
	EndGlobalSection
EndGlobal
